// !$*UTF8*$!
{
	archiveVersion = 1;
	classes = {
	};
	objectVersion = 50;
	objects = {

/* Begin PBXBuildFile section */
		D174CD5925A8A0170071E659 /* SceltaFotoApp.swift in Sources */ = {isa = PBXBuildFile; fileRef = D174CD5825A8A0170071E659 /* SceltaFotoApp.swift */; };
		D174CD5B25A8A0170071E659 /* ContentView.swift in Sources */ = {isa = PBXBuildFile; fileRef = D174CD5A25A8A0170071E659 /* ContentView.swift */; };
		D174CD5D25A8A0190071E659 /* Assets.xcassets in Resources */ = {isa = PBXBuildFile; fileRef = D174CD5C25A8A0190071E659 /* Assets.xcassets */; };
		D174CD6025A8A0190071E659 /* Preview Assets.xcassets in Resources */ = {isa = PBXBuildFile; fileRef = D174CD5F25A8A0190071E659 /* Preview Assets.xcassets */; };
		D174CD6925A8A2AA0071E659 /* CatturaImage.swift in Sources */ = {isa = PBXBuildFile; fileRef = D174CD6825A8A2AA0071E659 /* CatturaImage.swift */; };
/* End PBXBuildFile section */

/* Begin PBXFileReference section */
		D174CD5525A8A0170071E659 /* SceltaFoto.app */ = {isa = PBXFileReference; explicitFileType = wrapper.application; includeInIndex = 0; path = SceltaFoto.app; sourceTree = BUILT_PRODUCTS_DIR; };
		D174CD5825A8A0170071E659 /* SceltaFotoApp.swift */ = {isa = PBXFileReference; lastKnownFileType = sourcecode.swift; path = SceltaFotoApp.swift; sourceTree = "<group>"; };
		D174CD5A25A8A0170071E659 /* ContentView.swift */ = {isa = PBXFileReference; lastKnownFileType = sourcecode.swift; path = ContentView.swift; sourceTree = "<group>"; };
		D174CD5C25A8A0190071E659 /* Assets.xcassets */ = {isa = PBXFileReference; lastKnownFileType = folder.assetcatalog; path = Assets.xcassets; sourceTree = "<group>"; };
		D174CD5F25A8A0190071E659 /* Preview Assets.xcassets */ = {isa = PBXFileReference; lastKnownFileType = folder.assetcatalog; path = "Preview Assets.xcassets"; sourceTree = "<group>"; };
		D174CD6125A8A0190071E659 /* Info.plist */ = {isa = PBXFileReference; lastKnownFileType = text.plist.xml; path = Info.plist; sourceTree = "<group>"; };
		D174CD6825A8A2AA0071E659 /* CatturaImage.swift */ = {isa = PBXFileReference; lastKnownFileType = sourcecode.swift; path = CatturaImage.swift; sourceTree = "<group>"; };
/* End PBXFileReference section */

/* Begin PBXFrameworksBuildPhase section */
		D174CD5225A8A0170071E659 /* Frameworks */ = {
			isa = PBXFrameworksBuildPhase;
			buildActionMask = 2147483647;
			files = (
			);
			runOnlyForDeploymentPostprocessing = 0;
		};
/* End PBXFrameworksBuildPhase section */

/* Begin PBXGroup section */
		D174CD4C25A8A0170071E659 = {
			isa = PBXGroup;
			children = (
				D174CD5725A8A0170071E659 /* SceltaFoto */,
				D174CD5625A8A0170071E659 /* Products */,
			);
			sourceTree = "<group>";
		};
		D174CD5625A8A0170071E659 /* Products */ = {
			isa = PBXGroup;
			children = (
				D174CD5525A8A0170071E659 /* SceltaFoto.app */,
			);
			name = Products;
			sourceTree = "<group>";
		};
		D174CD5725A8A0170071E659 /* SceltaFoto */ = {
			isa = PBXGroup;
			children = (
				D174CD5825A8A0170071E659 /* SceltaFotoApp.swift */,
				D174CD5A25A8A0170071E659 /* ContentView.swift */,
				D174CD5C25A8A0190071E659 /* Assets.xcassets */,
				D174CD6125A8A0190071E659 /* Info.plist */,
				D174CD5E25A8A0190071E659 /* Preview Content */,
				D174CD6825A8A2AA0071E659 /* CatturaImage.swift */,
			);
			path = SceltaFoto;
			sourceTree = "<group>";
		};
		D174CD5E25A8A0190071E659 /* Preview Content */ = {
			isa = PBXGroup;
			children = (
				D174CD5F25A8A0190071E659 /* Preview Assets.xcassets */,
			);
			path = "Preview Content";
			sourceTree = "<group>";
		};
/* End PBXGroup section */

/* Begin PBXNativeTarget section */
		D174CD5425A8A0170071E659 /* SceltaFoto */ = {
			isa = PBXNativeTarget;
			buildConfigurationList = D174CD6425A8A0190071E659 /* Build configuration list for PBXNativeTarget "SceltaFoto" */;
			buildPhases = (
				D174CD5125A8A0170071E659 /* Sources */,
				D174CD5225A8A0170071E659 /* Frameworks */,
				D174CD5325A8A0170071E659 /* Resources */,
			);
			buildRules = (
			);
			dependencies = (
			);
			name = SceltaFoto;
			productName = SceltaFoto;
			productReference = D174CD5525A8A0170071E659 /* SceltaFoto.app */;
			productType = "com.apple.product-type.application";
		};
/* End PBXNativeTarget section */

/* Begin PBXProject section */
		D174CD4D25A8A0170071E659 /* Project object */ = {
			isa = PBXProject;
			attributes = {
				LastSwiftUpdateCheck = 1230;
				LastUpgradeCheck = 1230;
				TargetAttributes = {
					D174CD5425A8A0170071E659 = {
						CreatedOnToolsVersion = 12.3;
					};
				};
			};
			buildConfigurationList = D174CD5025A8A0170071E659 /* Build configuration list for PBXProject "SceltaFoto" */;
			compatibilityVersion = "Xcode 9.3";
			developmentRegion = en;
			hasScannedForEncodings = 0;
			knownRegions = (
				en,
				Base,
			);
			mainGroup = D174CD4C25A8A0170071E659;
			productRefGroup = D174CD5625A8A0170071E659 /* Products */;
			projectDirPath = "";
			projectRoot = "";
			targets = (
				D174CD5425A8A0170071E659 /* SceltaFoto */,
			);
		};
/* End PBXProject section */

/* Begin PBXResourcesBuildPhase section */
		D174CD5325A8A0170071E659 /* Resources */ = {
			isa = PBXResourcesBuildPhase;
			buildActionMask = 2147483647;
			files = (
				D174CD6025A8A0190071E659 /* Preview Assets.xcassets in Resources */,
				D174CD5D25A8A0190071E659 /* Assets.xcassets in Resources */,
			);
			runOnlyForDeploymentPostprocessing = 0;
		};
/* End PBXResourcesBuildPhase section */

/* Begin PBXSourcesBuildPhase section */
		D174CD5125A8A0170071E659 /* Sources */ = {
			isa = PBXSourcesBuildPhase;
			buildActionMask = 2147483647;
			files = (
				D174CD5B25A8A0170071E659 /* ContentView.swift in Sources */,
				D174CD6925A8A2AA0071E659 /* CatturaImage.swift in Sources */,
				D174CD5925A8A0170071E659 /* SceltaFotoApp.swift in Sources */,
			);
			runOnlyForDeploymentPostprocessing = 0;
		};
/* End PBXSourcesBuildPhase section */

/* Begin XCBuildConfiguration section */
		D174CD6225A8A0190071E659 /* Debug */ = {
			isa = XCBuildConfiguration;
			buildSettings = {
				ALWAYS_SEARCH_USER_PATHS = NO;
				CLANG_ANALYZER_NONNULL = YES;
				CLANG_ANALYZER_NUMBER_OBJECT_CONVERSION = YES_AGGRESSIVE;
				CLANG_CXX_LANGUAGE_STANDARD = "gnu++14";
				CLANG_CXX_LIBRARY = "libc++";
				CLANG_ENABLE_MODULES = YES;
				CLANG_ENABLE_OBJC_ARC = YES;
				CLANG_ENABLE_OBJC_WEAK = YES;
				CLANG_WARN_BLOCK_CAPTURE_AUTORELEASING = YES;
				CLANG_WARN_BOOL_CONVERSION = YES;
				CLANG_WARN_COMMA = YES;
				CLANG_WARN_CONSTANT_CONVERSION = YES;
				CLANG_WARN_DEPRECATED_OBJC_IMPLEMENTATIONS = YES;
				CLANG_WARN_DIRECT_OBJC_ISA_USAGE = YES_ERROR;
				CLANG_WARN_DOCUMENTATION_COMMENTS = YES;
				CLANG_WARN_EMPTY_BODY = YES;
				CLANG_WARN_ENUM_CONVERSION = YES;
				CLANG_WARN_INFINITE_RECURSION = YES;
				CLANG_WARN_INT_CONVERSION = YES;
				CLANG_WARN_NON_LITERAL_NULL_CONVERSION = YES;
				CLANG_WARN_OBJC_IMPLICIT_RETAIN_SELF = YES;
				CLANG_WARN_OBJC_LITERAL_CONVERSION = YES;
				CLANG_WARN_OBJC_ROOT_CLASS = YES_ERROR;
				CLANG_WARN_QUOTED_INCLUDE_IN_FRAMEWORK_HEADER = YES;
				CLANG_WARN_RANGE_LOOP_ANALYSIS = YES;
				CLANG_WARN_STRICT_PROTOTYPES = YES;
				CLANG_WARN_SUSPICIOUS_MOVE = YES;
				CLANG_WARN_UNGUARDED_AVAILABILITY = YES_AGGRESSIVE;
				CLANG_WARN_UNREACHABLE_CODE = YES;
				CLANG_WARN__DUPLICATE_METHOD_MATCH = YES;
				COPY_PHASE_STRIP = NO;
				DEBUG_INFORMATION_FORMAT = dwarf;
				ENABLE_STRICT_OBJC_MSGSEND = YES;
				ENABLE_TESTABILITY = YES;
				GCC_C_LANGUAGE_STANDARD = gnu11;
				GCC_DYNAMIC_NO_PIC = NO;
				GCC_NO_COMMON_BLOCKS = YES;
				GCC_OPTIMIZATION_LEVEL = 0;
				GCC_PREPROCESSOR_DEFINITIONS = (
					"DEBUG=1",
					"$(inherited)",
				);
				GCC_WARN_64_TO_32_BIT_CONVERSION = YES;
				GCC_WARN_ABOUT_RETURN_TYPE = YES_ERROR;
				GCC_WARN_UNDECLARED_SELECTOR = YES;
				GCC_WARN_UNINITIALIZED_AUTOS = YES_AGGRESSIVE;
				GCC_WARN_UNUSED_FUNCTION = YES;
				GCC_WARN_UNUSED_VARIABLE = YES;
				IPHONEOS_DEPLOYMENT_TARGET = 14.3;
				MTL_ENABLE_DEBUG_INFO = INCLUDE_SOURCE;
				MTL_FAST_MATH = YES;
				ONLY_ACTIVE_ARCH = YES;
				SDKROOT = iphoneos;
				SWIFT_ACTIVE_COMPILATION_CONDITIONS = DEBUG;
				SWIFT_OPTIMIZATION_LEVEL = "-Onone";
			};
			name = Debug;
		};
		D174CD6325A8A0190071E659 /* Release */ = {
			isa = XCBuildConfiguration;
			buildSettings = {
				ALWAYS_SEARCH_USER_PATHS = NO;
				CLANG_ANALYZER_NONNULL = YES;
				CLANG_ANALYZER_NUMBER_OBJECT_CONVERSION = YES_AGGRESSIVE;
				CLANG_CXX_LANGUAGE_STANDARD = "gnu++14";
				CLANG_CXX_LIBRARY = "libc++";
				CLANG_ENABLE_MODULES = YES;
				CLANG_ENABLE_OBJC_ARC = YES;
				CLANG_ENABLE_OBJC_WEAK = YES;
				CLANG_WARN_BLOCK_CAPTURE_AUTORELEASING = YES;
				CLANG_WARN_BOOL_CONVERSION = YES;
				CLANG_WARN_COMMA = YES;
				CLANG_WARN_CONSTANT_CONVERSION = YES;
				CLANG_WARN_DEPRECATED_OBJC_IMPLEMENTATIONS = YES;
				CLANG_WARN_DIRECT_OBJC_ISA_USAGE = YES_ERROR;
				CLANG_WARN_DOCUMENTATION_COMMENTS = YES;
				CLANG_WARN_EMPTY_BODY = YES;
				CLANG_WARN_ENUM_CONVERSION = YES;
				CLANG_WARN_INFINITE_RECURSION = YES;
				CLANG_WARN_INT_CONVERSION = YES;
				CLANG_WARN_NON_LITERAL_NULL_CONVERSION = YES;
				CLANG_WARN_OBJC_IMPLICIT_RETAIN_SELF = YES;
				CLANG_WARN_OBJC_LITERAL_CONVERSION = YES;
				CLANG_WARN_OBJC_ROOT_CLASS = YES_ERROR;
				CLANG_WARN_QUOTED_INCLUDE_IN_FRAMEWORK_HEADER = YES;
				CLANG_WARN_RANGE_LOOP_ANALYSIS = YES;
				CLANG_WARN_STRICT_PROTOTYPES = YES;
				CLANG_WARN_SUSPICIOUS_MOVE = YES;
				CLANG_WARN_UNGUARDED_AVAILABILITY = YES_AGGRESSIVE;
				CLANG_WARN_UNREACHABLE_CODE = YES;
				CLANG_WARN__DUPLICATE_METHOD_MATCH = YES;
				COPY_PHASE_STRIP = NO;
				DEBUG_INFORMATION_FORMAT = "dwarf-with-dsym";
				ENABLE_NS_ASSERTIONS = NO;
				ENABLE_STRICT_OBJC_MSGSEND = YES;
				GCC_C_LANGUAGE_STANDARD = gnu11;
				GCC_NO_COMMON_BLOCKS = YES;
				GCC_WARN_64_TO_32_BIT_CONVERSION = YES;
				GCC_WARN_ABOUT_RETURN_TYPE = YES_ERROR;
				GCC_WARN_UNDECLARED_SELECTOR = YES;
				GCC_WARN_UNINITIALIZED_AUTOS = YES_AGGRESSIVE;
				GCC_WARN_UNUSED_FUNCTION = YES;
				GCC_WARN_UNUSED_VARIABLE = YES;
				IPHONEOS_DEPLOYMENT_TARGET = 14.3;
				MTL_ENABLE_DEBUG_INFO = NO;
				MTL_FAST_MATH = YES;
				SDKROOT = iphoneos;
				SWIFT_COMPILATION_MODE = wholemodule;
				SWIFT_OPTIMIZATION_LEVEL = "-O";
				VALIDATE_PRODUCT = YES;
			};
			name = Release;
		};
		D174CD6525A8A0190071E659 /* Debug */ = {
			isa = XCBuildConfiguration;
			buildSettings = {
				ASSETCATALOG_COMPILER_APPICON_NAME = AppIcon;
				ASSETCATALOG_COMPILER_GLOBAL_ACCENT_COLOR_NAME = AccentColor;
				CODE_SIGN_STYLE = Automatic;
				DEVELOPMENT_ASSET_PATHS = "\"SceltaFoto/Preview Content\"";
				ENABLE_PREVIEWS = YES;
				INFOPLIST_FILE = SceltaFoto/Info.plist;
				IPHONEOS_DEPLOYMENT_TARGET = 14.0;
				LD_RUNPATH_SEARCH_PATHS = (
					"$(inherited)",
					"@executable_path/Frameworks",
				);
				PRODUCT_BUNDLE_IDENTIFIER = MicheleManniello.SceltaFoto;
				PRODUCT_NAME = "$(TARGET_NAME)";
				SWIFT_VERSION = 5.0;
				TARGETED_DEVICE_FAMILY = "1,2";
			};
			name = Debug;
		};
		D174CD6625A8A0190071E659 /* Release */ = {
			isa = XCBuildConfiguration;
			buildSettings = {
				ASSETCATALOG_COMPILER_APPICON_NAME = AppIcon;
				ASSETCATALOG_COMPILER_GLOBAL_ACCENT_COLOR_NAME = AccentColor;
				CODE_SIGN_STYLE = Automatic;
				DEVELOPMENT_ASSET_PATHS = "\"SceltaFoto/Preview Content\"";
				ENABLE_PREVIEWS = YES;
				INFOPLIST_FILE = SceltaFoto/Info.plist;
				IPHONEOS_DEPLOYMENT_TARGET = 14.0;
				LD_RUNPATH_SEARCH_PATHS = (
					"$(inherited)",
					"@executable_path/Frameworks",
				);
				PRODUCT_BUNDLE_IDENTIFIER = MicheleManniello.SceltaFoto;
				PRODUCT_NAME = "$(TARGET_NAME)";
				SWIFT_VERSION = 5.0;
				TARGETED_DEVICE_FAMILY = "1,2";
			};
			name = Release;
		};
/* End XCBuildConfiguration section */

/* Begin XCConfigurationList section */
		D174CD5025A8A0170071E659 /* Build configuration list for PBXProject "SceltaFoto" */ = {
			isa = XCConfigurationList;
			buildConfigurations = (
				D174CD6225A8A0190071E659 /* Debug */,
				D174CD6325A8A0190071E659 /* Release */,
			);
			defaultConfigurationIsVisible = 0;
			defaultConfigurationName = Release;
		};
		D174CD6425A8A0190071E659 /* Build configuration list for PBXNativeTarget "SceltaFoto" */ = {
			isa = XCConfigurationList;
			buildConfigurations = (
				D174CD6525A8A0190071E659 /* Debug */,
				D174CD6625A8A0190071E659 /* Release */,
			);
			defaultConfigurationIsVisible = 0;
			defaultConfigurationName = Release;
		};
/* End XCConfigurationList section */
	};
	rootObject = D174CD4D25A8A0170071E659 /* Project object */;
}
